<?xml version="1.0" encoding="UTF-8" standalone="yes" ?>
<CodeBlocks_project_file>
	<FileVersion major="1" minor="6" />
	<Project>
		<Option title="Proyecto" />
		<Option pch_mode="2" />
		<Option compiler="gcc" />
		<Build>
			<Target title="Debug">
				<Option output="bin/Debug/Proyecto" prefix_auto="1" extension_auto="1" />
				<Option object_output="obj/Debug/" />
				<Option type="1" />
				<Option compiler="gcc" />
				<Compiler>
					<Add option="-g" />
				</Compiler>
				<Linker>
					<Add directory="bin" />
				</Linker>
			</Target>
			<Target title="Release">
				<Option output="bin/Release/Proyecto" prefix_auto="1" extension_auto="1" />
				<Option object_output="obj/Release/" />
				<Option type="0" />
				<Option compiler="gcc" />
				<Compiler>
					<Add option="-O2" />
				</Compiler>
				<Linker>
					<Add option="-s" />
				</Linker>
			</Target>
		</Build>
		<Compiler>
			<Add option="-Wall" />
			<Add option="-DSFML_STATIC" />
			<Add directory="SFML/include" />
		</Compiler>
		<Linker>
			<Add option="-lsfml-audio" />
			<Add option="-lsfml-graphics" />
			<Add option="-lsfml-window" />
			<Add option="-lsfml-system" />
			<Add library="gdi32" />
			<Add library="user32" />
			<Add library="kernel32" />
			<Add library="comctl32" />
			<Add library="C:/Users/frank/Desktop/Nuevo/Proyecto/libwinmm-1.a" />
			<Add directory="SFML/lib" />
		</Linker>
		<Unit filename="Cabeceras/Recargador.h" />
		<Unit filename="Cabeceras/enemy.h" />
		<Unit filename="Cabeceras/enemy_2.h" />
		<Unit filename="Cabeceras/game.h" />
		<Unit filename="Cabeceras/player.h" />
		<Unit filename="Fondo/nivel_1.jpg" />
		<Unit filename="Fondo/nivel_2.jpg" />
		<Unit filename="Fondo/nivel_3.jpg" />
		<Unit filename="Sonidos/Nivel_1.wav" />
		<Unit filename="Sonidos/Nivel_2.wav" />
		<Unit filename="Sonidos/Nivel_3.wav" />
		<Unit filename="Sonidos/Sonido.wav" />
		<Unit filename="Sonidos/explosion.wav" />
		<Unit filename="Sonidos/game_over.wav" />
		<Unit filename="Sonidos/sonido_enemigo.wav" />
		<Unit filename="Src/enemy.cpp" />
		<Unit filename="Src/enemy_2.cpp" />
		<Unit filename="Src/enemy_3.cpp" />
		<Unit filename="Src/game.cpp" />
		<Unit filename="Src/main.cpp" />
		<Unit filename="Src/player.cpp" />
		<Unit filename="Src/recargador.cpp" />
		<Extensions>
			<lib_finder disable_auto="1" />
		</Extensions>
	</Project>
</CodeBlocks_project_file>
